PODS:
  - Concurrency (0.0.1)
  - Concurrency/Tests (0.0.1)

DEPENDENCIES:
  - Concurrency (from `../../`)
  - Concurrency/Tests (from `../../`)

EXTERNAL SOURCES:
  Concurrency:
    :path: "../../"

SPEC CHECKSUMS:
  Concurrency: c4d548a27248a0f61bc91b975a0e098945147d02

PODFILE CHECKSUM: 861e4866f4ea3bf10fb0dedce32328a4684ea06e

COCOAPODS: 1.11.3
