PODS:
  - ConcurrencyFoundation (0.0.1)
  - ConcurrencyFoundation/Tests (0.0.1)

DEPENDENCIES:
  - ConcurrencyFoundation (from `../../`)
  - ConcurrencyFoundation/Tests (from `../../`)

EXTERNAL SOURCES:
  ConcurrencyFoundation:
    :path: "../../"

SPEC CHECKSUMS:
  ConcurrencyFoundation: 8d5b8108308cfab9edc21100b8689107dd39c2a8

PODFILE CHECKSUM: 7b56b060588778583c3820e4781b281a02e53d01

COCOAPODS: 1.11.3
